
Microsoft Visual Studio Solution File, Format Version 12.00
# Visual Studio 15
VisualStudioVersion = 15.0.26730.12
MinimumVisualStudioVersion = 10.0.40219.1
Project("{FAE04EC0-301F-11D3-BF4B-00C04F79EFBC}") = "MVC music store", "MVC music store\MVC music store.csproj", "{4B6A353F-B66B-4439-BDE4-3A54986ECBA1}"
EndProject
Project("{FAE04EC0-301F-11D3-BF4B-00C04F79EFBC}") = "MVC music store.Tests", "MVC music store.Tests\MVC music store.Tests.csproj", "{AF0DC372-31B4-4331-A7EF-4B1DEE063277}"
EndProject
Global
	GlobalSection(SolutionConfigurationPlatforms) = preSolution
		Debug|Any CPU = Debug|Any CPU
		Release|Any CPU = Release|Any CPU
	EndGlobalSection
	GlobalSection(ProjectConfigurationPlatforms) = postSolution
		{4B6A353F-B66B-4439-BDE4-3A54986ECBA1}.Debug|Any CPU.ActiveCfg = Debug|Any CPU
		{4B6A353F-B66B-4439-BDE4-3A54986ECBA1}.Debug|Any CPU.Build.0 = Debug|Any CPU
		{4B6A353F-B66B-4439-BDE4-3A54986ECBA1}.Release|Any CPU.ActiveCfg = Release|Any CPU
		{4B6A353F-B66B-4439-BDE4-3A54986ECBA1}.Release|Any CPU.Build.0 = Release|Any CPU
		{AF0DC372-31B4-4331-A7EF-4B1DEE063277}.Debug|Any CPU.ActiveCfg = Debug|Any CPU
		{AF0DC372-31B4-4331-A7EF-4B1DEE063277}.Debug|Any CPU.Build.0 = Debug|Any CPU
		{AF0DC372-31B4-4331-A7EF-4B1DEE063277}.Release|Any CPU.ActiveCfg = Release|Any CPU
		{AF0DC372-31B4-4331-A7EF-4B1DEE063277}.Release|Any CPU.Build.0 = Release|Any CPU
	EndGlobalSection
	GlobalSection(SolutionProperties) = preSolution
		HideSolutionNode = FALSE
	EndGlobalSection
	GlobalSection(ExtensibilityGlobals) = postSolution
		SolutionGuid = {9329426C-6D28-42FC-BC72-98142F56DD50}
	EndGlobalSection
EndGlobal
